PODS:
  - Flutter (1.0.0)
  - flutter_qjs (0.0.1):
    - Flutter

DEPENDENCIES:
  - Flutter (from `Flutter`)
  - flutter_qjs (from `.symlinks/plugins/flutter_qjs/ios`)

EXTERNAL SOURCES:
  Flutter:
    :path: Flutter
  flutter_qjs:
    :path: ".symlinks/plugins/flutter_qjs/ios"

SPEC CHECKSUMS:
  Flutter: cabc95a1d2626b1b06e7179b784ebcf0c0cde467
  flutter_qjs: 1d5918f42171154e88dd545dd45f126c0291976f

PODFILE CHECKSUM: 3c63482e143d1b91d2d2560aee9fb04ecc74ac7e

COCOAPODS: 1.16.2
